// !$*UTF8*$!
{
	archiveVersion = 1;
	classes = {
	};
	objectVersion = 56;
	objects = {

/* Begin PBXBuildFile section */
		74810BA72B917D920014F6CD /* main.cpp in Sources */ = {isa = PBXBuildFile; fileRef = 74810BA62B917D920014F6CD /* main.cpp */; };
		74810BCE2B9185E10014F6CD /* DataHandler.cpp in Sources */ = {isa = PBXBuildFile; fileRef = 74810BCD2B9185E10014F6CD /* DataHandler.cpp */; };
/* End PBXBuildFile section */

/* Begin PBXCopyFilesBuildPhase section */
		74810BA12B917D920014F6CD /* CopyFiles */ = {
			isa = PBXCopyFilesBuildPhase;
			buildActionMask = 2147483647;
			dstPath = /usr/share/man/man1/;
			dstSubfolderSpec = 0;
			files = (
			);
			runOnlyForDeploymentPostprocessing = 1;
		};
/* End PBXCopyFilesBuildPhase section */

/* Begin PBXFileReference section */
		74810BA32B917D920014F6CD /* ML_Library */ = {isa = PBXFileReference; explicitFileType = "compiled.mach-o.executable"; includeInIndex = 0; path = ML_Library; sourceTree = BUILT_PRODUCTS_DIR; };
		74810BA62B917D920014F6CD /* main.cpp */ = {isa = PBXFileReference; lastKnownFileType = sourcecode.cpp.cpp; path = main.cpp; sourceTree = "<group>"; };
		74810BC02B9181990014F6CD /* Utils.hpp */ = {isa = PBXFileReference; lastKnownFileType = sourcecode.cpp.h; name = Utils.hpp; path = include/Utils.hpp; sourceTree = SOURCE_ROOT; };
		74810BC92B9183630014F6CD /* DataHandler.hpp */ = {isa = PBXFileReference; lastKnownFileType = sourcecode.cpp.h; path = DataHandler.hpp; sourceTree = "<group>"; };
		74810BCA2B9183740014F6CD /* LinearRegression.hpp */ = {isa = PBXFileReference; lastKnownFileType = sourcecode.cpp.h; path = LinearRegression.hpp; sourceTree = "<group>"; };
		74810BCB2B9183870014F6CD /* LogisticRegression.hpp */ = {isa = PBXFileReference; lastKnownFileType = sourcecode.cpp.h; path = LogisticRegression.hpp; sourceTree = "<group>"; };
		74810BCC2B9183990014F6CD /* NeuralNetwork.hpp */ = {isa = PBXFileReference; lastKnownFileType = sourcecode.cpp.h; path = NeuralNetwork.hpp; sourceTree = "<group>"; };
		74810BCD2B9185E10014F6CD /* DataHandler.cpp */ = {isa = PBXFileReference; lastKnownFileType = sourcecode.cpp.cpp; path = DataHandler.cpp; sourceTree = "<group>"; };
/* End PBXFileReference section */

/* Begin PBXFrameworksBuildPhase section */
		74810BA02B917D920014F6CD /* Frameworks */ = {
			isa = PBXFrameworksBuildPhase;
			buildActionMask = 2147483647;
			files = (
			);
			runOnlyForDeploymentPostprocessing = 0;
		};
/* End PBXFrameworksBuildPhase section */

/* Begin PBXGroup section */
		74810B9A2B917D920014F6CD = {
			isa = PBXGroup;
			children = (
				74810BAF2B917FA00014F6CD /* src */,
				74810BAE2B917F960014F6CD /* include */,
				74810BA52B917D920014F6CD /* examples */,
				74810BA42B917D920014F6CD /* Products */,
			);
			sourceTree = "<group>";
		};
		74810BA42B917D920014F6CD /* Products */ = {
			isa = PBXGroup;
			children = (
				74810BA32B917D920014F6CD /* ML_Library */,
			);
			name = Products;
			sourceTree = "<group>";
		};
		74810BA52B917D920014F6CD /* examples */ = {
			isa = PBXGroup;
			children = (
				74810BA62B917D920014F6CD /* main.cpp */,
			);
			path = examples;
			sourceTree = "<group>";
		};
		74810BAE2B917F960014F6CD /* include */ = {
			isa = PBXGroup;
			children = (
				74810BC92B9183630014F6CD /* DataHandler.hpp */,
				74810BCA2B9183740014F6CD /* LinearRegression.hpp */,
				74810BCB2B9183870014F6CD /* LogisticRegression.hpp */,
				74810BCC2B9183990014F6CD /* NeuralNetwork.hpp */,
				74810BC02B9181990014F6CD /* Utils.hpp */,
			);
			path = include;
			sourceTree = "<group>";
		};
		74810BAF2B917FA00014F6CD /* src */ = {
			isa = PBXGroup;
			children = (
				74810BCD2B9185E10014F6CD /* DataHandler.cpp */,
			);
			path = src;
			sourceTree = "<group>";
		};
/* End PBXGroup section */

/* Begin PBXNativeTarget section */
		74810BA22B917D920014F6CD /* ML_Library */ = {
			isa = PBXNativeTarget;
			buildConfigurationList = 74810BAA2B917D920014F6CD /* Build configuration list for PBXNativeTarget "ML_Library" */;
			buildPhases = (
				74810B9F2B917D920014F6CD /* Sources */,
				74810BA02B917D920014F6CD /* Frameworks */,
				74810BA12B917D920014F6CD /* CopyFiles */,
			);
			buildRules = (
			);
			dependencies = (
			);
			name = ML_Library;
			productName = ML_Library;
			productReference = 74810BA32B917D920014F6CD /* ML_Library */;
			productType = "com.apple.product-type.tool";
		};
/* End PBXNativeTarget section */

/* Begin PBXProject section */
		74810B9B2B917D920014F6CD /* Project object */ = {
			isa = PBXProject;
			attributes = {
				BuildIndependentTargetsInParallel = 1;
				LastUpgradeCheck = 1430;
				TargetAttributes = {
					74810BA22B917D920014F6CD = {
						CreatedOnToolsVersion = 14.3.1;
					};
				};
			};
			buildConfigurationList = 74810B9E2B917D920014F6CD /* Build configuration list for PBXProject "ML_Library" */;
			compatibilityVersion = "Xcode 14.0";
			developmentRegion = en;
			hasScannedForEncodings = 0;
			knownRegions = (
				en,
				Base,
			);
			mainGroup = 74810B9A2B917D920014F6CD;
			productRefGroup = 74810BA42B917D920014F6CD /* Products */;
			projectDirPath = "";
			projectRoot = "";
			targets = (
				74810BA22B917D920014F6CD /* ML_Library */,
			);
		};
/* End PBXProject section */

/* Begin PBXSourcesBuildPhase section */
		74810B9F2B917D920014F6CD /* Sources */ = {
			isa = PBXSourcesBuildPhase;
			buildActionMask = 2147483647;
			files = (
				74810BCE2B9185E10014F6CD /* DataHandler.cpp in Sources */,
				74810BA72B917D920014F6CD /* main.cpp in Sources */,
			);
			runOnlyForDeploymentPostprocessing = 0;
		};
/* End PBXSourcesBuildPhase section */

/* Begin XCBuildConfiguration section */
		74810BA82B917D920014F6CD /* Debug */ = {
			isa = XCBuildConfiguration;
			buildSettings = {
				ALWAYS_SEARCH_USER_PATHS = NO;
				CLANG_ANALYZER_NONNULL = YES;
				CLANG_ANALYZER_NUMBER_OBJECT_CONVERSION = YES_AGGRESSIVE;
				CLANG_CXX_LANGUAGE_STANDARD = "gnu++20";
				CLANG_ENABLE_MODULES = YES;
				CLANG_ENABLE_OBJC_ARC = YES;
				CLANG_ENABLE_OBJC_WEAK = YES;
				CLANG_WARN_BLOCK_CAPTURE_AUTORELEASING = YES;
				CLANG_WARN_BOOL_CONVERSION = YES;
				CLANG_WARN_COMMA = YES;
				CLANG_WARN_CONSTANT_CONVERSION = YES;
				CLANG_WARN_DEPRECATED_OBJC_IMPLEMENTATIONS = YES;
				CLANG_WARN_DIRECT_OBJC_ISA_USAGE = YES_ERROR;
				CLANG_WARN_DOCUMENTATION_COMMENTS = YES;
				CLANG_WARN_EMPTY_BODY = YES;
				CLANG_WARN_ENUM_CONVERSION = YES;
				CLANG_WARN_INFINITE_RECURSION = YES;
				CLANG_WARN_INT_CONVERSION = YES;
				CLANG_WARN_NON_LITERAL_NULL_CONVERSION = YES;
				CLANG_WARN_OBJC_IMPLICIT_RETAIN_SELF = YES;
				CLANG_WARN_OBJC_LITERAL_CONVERSION = YES;
				CLANG_WARN_OBJC_ROOT_CLASS = YES_ERROR;
				CLANG_WARN_QUOTED_INCLUDE_IN_FRAMEWORK_HEADER = YES;
				CLANG_WARN_RANGE_LOOP_ANALYSIS = YES;
				CLANG_WARN_STRICT_PROTOTYPES = YES;
				CLANG_WARN_SUSPICIOUS_MOVE = YES;
				CLANG_WARN_UNGUARDED_AVAILABILITY = YES_AGGRESSIVE;
				CLANG_WARN_UNREACHABLE_CODE = YES;
				CLANG_WARN__DUPLICATE_METHOD_MATCH = YES;
				COPY_PHASE_STRIP = NO;
				DEBUG_INFORMATION_FORMAT = dwarf;
				ENABLE_STRICT_OBJC_MSGSEND = YES;
				ENABLE_TESTABILITY = YES;
				GCC_C_LANGUAGE_STANDARD = gnu11;
				GCC_DYNAMIC_NO_PIC = NO;
				GCC_NO_COMMON_BLOCKS = YES;
				GCC_OPTIMIZATION_LEVEL = 0;
				GCC_PREPROCESSOR_DEFINITIONS = (
					"DEBUG=1",
					"$(inherited)",
				);
				GCC_WARN_64_TO_32_BIT_CONVERSION = YES;
				GCC_WARN_ABOUT_RETURN_TYPE = YES_ERROR;
				GCC_WARN_UNDECLARED_SELECTOR = YES;
				GCC_WARN_UNINITIALIZED_AUTOS = YES_AGGRESSIVE;
				GCC_WARN_UNUSED_FUNCTION = YES;
				GCC_WARN_UNUSED_VARIABLE = YES;
				MACOSX_DEPLOYMENT_TARGET = 13.3;
				MTL_ENABLE_DEBUG_INFO = INCLUDE_SOURCE;
				MTL_FAST_MATH = YES;
				ONLY_ACTIVE_ARCH = YES;
				SDKROOT = macosx;
			};
			name = Debug;
		};
		74810BA92B917D920014F6CD /* Release */ = {
			isa = XCBuildConfiguration;
			buildSettings = {
				ALWAYS_SEARCH_USER_PATHS = NO;
				CLANG_ANALYZER_NONNULL = YES;
				CLANG_ANALYZER_NUMBER_OBJECT_CONVERSION = YES_AGGRESSIVE;
				CLANG_CXX_LANGUAGE_STANDARD = "gnu++20";
				CLANG_ENABLE_MODULES = YES;
				CLANG_ENABLE_OBJC_ARC = YES;
				CLANG_ENABLE_OBJC_WEAK = YES;
				CLANG_WARN_BLOCK_CAPTURE_AUTORELEASING = YES;
				CLANG_WARN_BOOL_CONVERSION = YES;
				CLANG_WARN_COMMA = YES;
				CLANG_WARN_CONSTANT_CONVERSION = YES;
				CLANG_WARN_DEPRECATED_OBJC_IMPLEMENTATIONS = YES;
				CLANG_WARN_DIRECT_OBJC_ISA_USAGE = YES_ERROR;
				CLANG_WARN_DOCUMENTATION_COMMENTS = YES;
				CLANG_WARN_EMPTY_BODY = YES;
				CLANG_WARN_ENUM_CONVERSION = YES;
				CLANG_WARN_INFINITE_RECURSION = YES;
				CLANG_WARN_INT_CONVERSION = YES;
				CLANG_WARN_NON_LITERAL_NULL_CONVERSION = YES;
				CLANG_WARN_OBJC_IMPLICIT_RETAIN_SELF = YES;
				CLANG_WARN_OBJC_LITERAL_CONVERSION = YES;
				CLANG_WARN_OBJC_ROOT_CLASS = YES_ERROR;
				CLANG_WARN_QUOTED_INCLUDE_IN_FRAMEWORK_HEADER = YES;
				CLANG_WARN_RANGE_LOOP_ANALYSIS = YES;
				CLANG_WARN_STRICT_PROTOTYPES = YES;
				CLANG_WARN_SUSPICIOUS_MOVE = YES;
				CLANG_WARN_UNGUARDED_AVAILABILITY = YES_AGGRESSIVE;
				CLANG_WARN_UNREACHABLE_CODE = YES;
				CLANG_WARN__DUPLICATE_METHOD_MATCH = YES;
				COPY_PHASE_STRIP = NO;
				DEBUG_INFORMATION_FORMAT = "dwarf-with-dsym";
				ENABLE_NS_ASSERTIONS = NO;
				ENABLE_STRICT_OBJC_MSGSEND = YES;
				GCC_C_LANGUAGE_STANDARD = gnu11;
				GCC_NO_COMMON_BLOCKS = YES;
				GCC_WARN_64_TO_32_BIT_CONVERSION = YES;
				GCC_WARN_ABOUT_RETURN_TYPE = YES_ERROR;
				GCC_WARN_UNDECLARED_SELECTOR = YES;
				GCC_WARN_UNINITIALIZED_AUTOS = YES_AGGRESSIVE;
				GCC_WARN_UNUSED_FUNCTION = YES;
				GCC_WARN_UNUSED_VARIABLE = YES;
				MACOSX_DEPLOYMENT_TARGET = 13.3;
				MTL_ENABLE_DEBUG_INFO = NO;
				MTL_FAST_MATH = YES;
				SDKROOT = macosx;
			};
			name = Release;
		};
		74810BAB2B917D920014F6CD /* Debug */ = {
			isa = XCBuildConfiguration;
			buildSettings = {
				CODE_SIGN_STYLE = Automatic;
				DEVELOPMENT_TEAM = D29BKV43HR;
				ENABLE_HARDENED_RUNTIME = YES;
				PRODUCT_NAME = "$(TARGET_NAME)";
			};
			name = Debug;
		};
		74810BAC2B917D920014F6CD /* Release */ = {
			isa = XCBuildConfiguration;
			buildSettings = {
				CODE_SIGN_STYLE = Automatic;
				DEVELOPMENT_TEAM = D29BKV43HR;
				ENABLE_HARDENED_RUNTIME = YES;
				PRODUCT_NAME = "$(TARGET_NAME)";
			};
			name = Release;
		};
/* End XCBuildConfiguration section */

/* Begin XCConfigurationList section */
		74810B9E2B917D920014F6CD /* Build configuration list for PBXProject "ML_Library" */ = {
			isa = XCConfigurationList;
			buildConfigurations = (
				74810BA82B917D920014F6CD /* Debug */,
				74810BA92B917D920014F6CD /* Release */,
			);
			defaultConfigurationIsVisible = 0;
			defaultConfigurationName = Release;
		};
		74810BAA2B917D920014F6CD /* Build configuration list for PBXNativeTarget "ML_Library" */ = {
			isa = XCConfigurationList;
			buildConfigurations = (
				74810BAB2B917D920014F6CD /* Debug */,
				74810BAC2B917D920014F6CD /* Release */,
			);
			defaultConfigurationIsVisible = 0;
			defaultConfigurationName = Release;
		};
/* End XCConfigurationList section */
	};
	rootObject = 74810B9B2B917D920014F6CD /* Project object */;
}
